
Microsoft Visual Studio Solution File, Format Version 12.00
# Visual Studio 15
VisualStudioVersion = 15.0.27004.2009
MinimumVisualStudioVersion = 10.0.40219.1
Project("{2150E333-8FDC-42A3-9474-1A3956D46DE8}") = "Solution Files", "Solution Files", "{9C1BA615-DD1C-4597-94B1-0BD249A43D91}"
	ProjectSection(SolutionItems) = preProject
		appveyor.yml = appveyor.yml
		Solution Files\EPiServer.Libraries.ruleset = Solution Files\EPiServer.Libraries.ruleset
		README.md = README.md
	EndProjectSection
EndProject
Project("{FAE04EC0-301F-11D3-BF4B-00C04F79EFBC}") = "EPi.Libraries.Localization", "EPi.Libraries.Localization\EPi.Libraries.Localization.csproj", "{4750AA22-03A8-48CB-A78E-32AE161C8C67}"
EndProject
Project("{FAE04EC0-301F-11D3-BF4B-00C04F79EFBC}") = "EPi.Libraries.Localization.Views", "EPi.Libraries.Localization.Views\EPi.Libraries.Localization.Views.csproj", "{D2230992-8E5E-436B-9A1B-4F8FA1971E8E}"
EndProject
Project("{FAE04EC0-301F-11D3-BF4B-00C04F79EFBC}") = "EPi.Libraries.Localization.Azure", "EPi.Libraries.Localization.Azure\EPi.Libraries.Localization.Azure.csproj", "{50CE1D3E-3CE7-4427-8A08-1DA17F589733}"
EndProject
Global
	GlobalSection(SolutionConfigurationPlatforms) = preSolution
		Debug|Any CPU = Debug|Any CPU
		Release|Any CPU = Release|Any CPU
	EndGlobalSection
	GlobalSection(ProjectConfigurationPlatforms) = postSolution
		{4750AA22-03A8-48CB-A78E-32AE161C8C67}.Debug|Any CPU.ActiveCfg = Debug|Any CPU
		{4750AA22-03A8-48CB-A78E-32AE161C8C67}.Debug|Any CPU.Build.0 = Debug|Any CPU
		{4750AA22-03A8-48CB-A78E-32AE161C8C67}.Release|Any CPU.ActiveCfg = Release|Any CPU
		{4750AA22-03A8-48CB-A78E-32AE161C8C67}.Release|Any CPU.Build.0 = Release|Any CPU
		{D2230992-8E5E-436B-9A1B-4F8FA1971E8E}.Debug|Any CPU.ActiveCfg = Debug|Any CPU
		{D2230992-8E5E-436B-9A1B-4F8FA1971E8E}.Debug|Any CPU.Build.0 = Debug|Any CPU
		{D2230992-8E5E-436B-9A1B-4F8FA1971E8E}.Release|Any CPU.ActiveCfg = Release|Any CPU
		{D2230992-8E5E-436B-9A1B-4F8FA1971E8E}.Release|Any CPU.Build.0 = Release|Any CPU
		{50CE1D3E-3CE7-4427-8A08-1DA17F589733}.Debug|Any CPU.ActiveCfg = Debug|Any CPU
		{50CE1D3E-3CE7-4427-8A08-1DA17F589733}.Debug|Any CPU.Build.0 = Debug|Any CPU
		{50CE1D3E-3CE7-4427-8A08-1DA17F589733}.Release|Any CPU.ActiveCfg = Release|Any CPU
		{50CE1D3E-3CE7-4427-8A08-1DA17F589733}.Release|Any CPU.Build.0 = Release|Any CPU
	EndGlobalSection
	GlobalSection(SolutionProperties) = preSolution
		HideSolutionNode = FALSE
	EndGlobalSection
	GlobalSection(ExtensibilityGlobals) = postSolution
		SolutionGuid = {9E21A8D4-71CB-4D2D-8356-7AE806BCC33F}
	EndGlobalSection
EndGlobal
